[[package]]
name = "appdirs"
version = "1.4.4"
summary = "A small Python module for determining appropriate platform-specific dirs, e.g. a \"user data dir\"."

[[package]]
name = "astor"
version = "0.8.1"
requires_python = "!=3.0.*,!=3.1.*,!=3.2.*,!=3.3.*,>=2.7"
summary = "Read/rewrite/write Python ASTs"

[[package]]
name = "colorama"
version = "0.4.6"
requires_python = "!=3.0.*,!=3.1.*,!=3.2.*,!=3.3.*,!=3.4.*,!=3.5.*,!=3.6.*,>=2.7"
summary = "Cross-platform colored terminal text."

[[package]]
name = "funcparserlib"
version = "1.0.1"
requires_python = ">=2.7, !=3.0.*, !=3.1.*, !=3.2.*, !=3.3.*, !=3.4.*, !=3.5.*, !=3.6.*"
summary = "Recursive descent parsing library based on functional combinators"

[[package]]
name = "hy"
version = "0.20.0"
summary = "Lisp and Python love each other."
dependencies = [
    "astor>=0.8",
    "colorama",
    "funcparserlib>=0.3.6",
    "rply>=0.7.7",
]

[[package]]
name = "rply"
version = "0.7.8"
summary = "A pure Python Lex/Yacc that works with RPython"
dependencies = [
    "appdirs",
]

[metadata]
lock_version = "4.1"
content_hash = "sha256:5d68ad642447f192ada56af39b170506de6e77358126987760f6e910a706912c"

[metadata.files]
"appdirs 1.4.4" = [
    {url = "https://files.pythonhosted.org/packages/3b/00/2344469e2084fb287c2e0b57b72910309874c3245463acd6cf5e3db69324/appdirs-1.4.4-py2.py3-none-any.whl", hash = "sha256:a841dacd6b99318a741b166adb07e19ee71a274450e68237b4650ca1055ab128"},
    {url = "https://files.pythonhosted.org/packages/d7/d8/05696357e0311f5b5c316d7b95f46c669dd9c15aaeecbb48c7d0aeb88c40/appdirs-1.4.4.tar.gz", hash = "sha256:7d5d0167b2b1ba821647616af46a749d1c653740dd0d2415100fe26e27afdf41"},
]
"astor 0.8.1" = [
    {url = "https://files.pythonhosted.org/packages/5a/21/75b771132fee241dfe601d39ade629548a9626d1d39f333fde31bc46febe/astor-0.8.1.tar.gz", hash = "sha256:6a6effda93f4e1ce9f618779b2dd1d9d84f1e32812c23a29b3fff6fd7f63fa5e"},
    {url = "https://files.pythonhosted.org/packages/c3/88/97eef84f48fa04fbd6750e62dcceafba6c63c81b7ac1420856c8dcc0a3f9/astor-0.8.1-py2.py3-none-any.whl", hash = "sha256:070a54e890cefb5b3739d19f30f5a5ec840ffc9c50ffa7d23cc9fc1a38ebbfc5"},
]
"colorama 0.4.6" = [
    {url = "https://files.pythonhosted.org/packages/d1/d6/3965ed04c63042e047cb6a3e6ed1a63a35087b6a609aa3a15ed8ac56c221/colorama-0.4.6-py2.py3-none-any.whl", hash = "sha256:4f1d9991f5acc0ca119f9d443620b77f9d6b33703e51011c16baf57afb285fc6"},
    {url = "https://files.pythonhosted.org/packages/d8/53/6f443c9a4a8358a93a6792e2acffb9d9d5cb0a5cfd8802644b7b1c9a02e4/colorama-0.4.6.tar.gz", hash = "sha256:08695f5cb7ed6e0531a20572697297273c47b8cae5a63ffc6d6ed5c201be6e44"},
]
"funcparserlib 1.0.1" = [
    {url = "https://files.pythonhosted.org/packages/83/66/acd740d84f59c655935f586c113a863aa404dfe932052a68a1163d88ea63/funcparserlib-1.0.1-py2.py3-none-any.whl", hash = "sha256:95da15d3f0d00b9b6f4bf04005c708af3faa115f7b45692ace064ebe758c68e8"},
    {url = "https://files.pythonhosted.org/packages/93/44/a21dfd9c45ad6909257e5186378a4fedaf41406824ce1ec06bc2a6c168e7/funcparserlib-1.0.1.tar.gz", hash = "sha256:a2c4a0d7942f7a0e7635c369d921066c8d4cae7f8b5bf7914466bec3c69837f4"},
]
"hy 0.20.0" = [
    {url = "https://files.pythonhosted.org/packages/2d/80/c9de6ace090a06f42ef68e746f1430d0074a33d21e46839813c764934d64/hy-0.20.0.tar.gz", hash = "sha256:1b72863754fb57e2dd275a9775bf621cb50a565e76733a2e74e9954e7fbb060e"},
    {url = "https://files.pythonhosted.org/packages/42/5b/2a6930c12112b1e773e1c97d9c6cad9bf4b448d31daab53654b7ff2481cc/hy-0.20.0-py2.py3-none-any.whl", hash = "sha256:f4c6cdf6ee04e6d94fd8b5c6e8389bd99df4c672d570b3eb847615a5f882047c"},
]
"rply 0.7.8" = [
    {url = "https://files.pythonhosted.org/packages/29/44/96b3e8e6426b1f21f90d73cff83a6df94ef8a57ce8102db6c582d0cb3b2e/rply-0.7.8.tar.gz", hash = "sha256:2a808ac25a4580a9991fc304d64434e299a8fc75760574492f242cbb5bb301c9"},
    {url = "https://files.pythonhosted.org/packages/c0/7c/f66be9e75485ae6901ae77d8bdbc3c0e99ca748ab927b3e18205759bde09/rply-0.7.8-py2.py3-none-any.whl", hash = "sha256:28ffd11d656c48aeb8c508eb382acd6a0bd906662624b34388751732a27807e7"},
]
