[[package]]
name = "colorama"
version = "0.4.6"
requires_python = "!=3.0.*,!=3.1.*,!=3.2.*,!=3.3.*,!=3.4.*,!=3.5.*,!=3.6.*,>=2.7"
summary = "Cross-platform colored terminal text."

[[package]]
name = "funcparserlib"
version = "1.0.1"
requires_python = ">=2.7, !=3.0.*, !=3.1.*, !=3.2.*, !=3.3.*, !=3.4.*, !=3.5.*, !=3.6.*"
summary = "Recursive descent parsing library based on functional combinators"

[[package]]
name = "hy"
version = "0.25.0"
requires_python = ">= 3.7, < 3.12"
summary = "A Lisp dialect embedded in Python"
dependencies = [
    "colorama",
    "funcparserlib~=1.0",
]

[metadata]
lock_version = "4.1"
content_hash = "sha256:da835ab864c24a00a637b0f39d7f2357c25a16e53d025cf33978c32986bb1240"

[metadata.files]
"colorama 0.4.6" = [
    {url = "https://files.pythonhosted.org/packages/d1/d6/3965ed04c63042e047cb6a3e6ed1a63a35087b6a609aa3a15ed8ac56c221/colorama-0.4.6-py2.py3-none-any.whl", hash = "sha256:4f1d9991f5acc0ca119f9d443620b77f9d6b33703e51011c16baf57afb285fc6"},
    {url = "https://files.pythonhosted.org/packages/d8/53/6f443c9a4a8358a93a6792e2acffb9d9d5cb0a5cfd8802644b7b1c9a02e4/colorama-0.4.6.tar.gz", hash = "sha256:08695f5cb7ed6e0531a20572697297273c47b8cae5a63ffc6d6ed5c201be6e44"},
]
"funcparserlib 1.0.1" = [
    {url = "https://files.pythonhosted.org/packages/83/66/acd740d84f59c655935f586c113a863aa404dfe932052a68a1163d88ea63/funcparserlib-1.0.1-py2.py3-none-any.whl", hash = "sha256:95da15d3f0d00b9b6f4bf04005c708af3faa115f7b45692ace064ebe758c68e8"},
    {url = "https://files.pythonhosted.org/packages/93/44/a21dfd9c45ad6909257e5186378a4fedaf41406824ce1ec06bc2a6c168e7/funcparserlib-1.0.1.tar.gz", hash = "sha256:a2c4a0d7942f7a0e7635c369d921066c8d4cae7f8b5bf7914466bec3c69837f4"},
]
"hy 0.25.0" = [
    {url = "https://files.pythonhosted.org/packages/fc/d1/95dac7cb3e3a483cf53a8c18f529f50c619e6a4ee42b299802ca769dc174/hy-0.25.0.tar.gz", hash = "sha256:50ed88834b03a33fc25b85d8897bbe15b7846b84d324630ace8d052f7d48327b"},
]
